// !$*UTF8*$!
{
	archiveVersion = 1;
	classes = {
	};
	objectVersion = 55;
	objects = {

/* Begin PBXBuildFile section */
		0E2795F92BD937B800738892 /* QuickstartApp.swift in Sources */ = {isa = PBXBuildFile; fileRef = 0E2795F82BD937B800738892 /* QuickstartApp.swift */; };
		0E2795FB2BD937B800738892 /* ContentView.swift in Sources */ = {isa = PBXBuildFile; fileRef = 0E2795FA2BD937B800738892 /* ContentView.swift */; };
		0E2795FD2BD937BA00738892 /* Assets.xcassets in Resources */ = {isa = PBXBuildFile; fileRef = 0E2795FC2BD937BA00738892 /* Assets.xcassets */; };
		0E2796002BD937BA00738892 /* Preview Assets.xcassets in Resources */ = {isa = PBXBuildFile; fileRef = 0E2795FF2BD937BA00738892 /* Preview Assets.xcassets */; };
		0E3A85562BD94071008D2419 /* FusionAuth in Frameworks */ = {isa = PBXBuildFile; productRef = 0E3A85552BD94071008D2419 /* FusionAuth */; };
		0E5184932CD627E9004E2416 /* FusionAuthStateObject.swift in Sources */ = {isa = PBXBuildFile; fileRef = 0E5184922CD627E5004E2416 /* FusionAuthStateObject.swift */; };
		0E8454C62BF509C6007C5E0D /* LoginView.swift in Sources */ = {isa = PBXBuildFile; fileRef = 0E8454C52BF509C6007C5E0D /* LoginView.swift */; };
		0E8454C82BF50A3C007C5E0D /* Styles.swift in Sources */ = {isa = PBXBuildFile; fileRef = 0E8454C72BF50A3C007C5E0D /* Styles.swift */; };
		0E8454CA2BF50C62007C5E0D /* LoggedInView.swift in Sources */ = {isa = PBXBuildFile; fileRef = 0E8454C92BF50C62007C5E0D /* LoggedInView.swift */; };
		0E8454CC2BF50CE8007C5E0D /* HomeView.swift in Sources */ = {isa = PBXBuildFile; fileRef = 0E8454CB2BF50CE8007C5E0D /* HomeView.swift */; };
		0E8454CE2BF50D19007C5E0D /* MakeChangeView.swift in Sources */ = {isa = PBXBuildFile; fileRef = 0E8454CD2BF50D19007C5E0D /* MakeChangeView.swift */; };
		0EB100102CD90699007AB813 /* FusionAuth.plist in Resources */ = {isa = PBXBuildFile; fileRef = 0EB1000F2CD90699007AB813 /* FusionAuth.plist */; };
		939AED192CC91492000E2D3F /* QuickstartTests.swift in Sources */ = {isa = PBXBuildFile; fileRef = 939AED162CC91492000E2D3F /* QuickstartTests.swift */; };
		CD12D0472EF310A000266540 /* ConfigurationManager.swift in Sources */ = {isa = PBXBuildFile; fileRef = CD12D0462EF310A000266540 /* ConfigurationManager.swift */; };
		CD12D0482EF310A000266540 /* ConfigurationManager.swift in Sources */ = {isa = PBXBuildFile; fileRef = CD12D0462EF310A000266540 /* ConfigurationManager.swift */; };
		CDB79E712EAAF94300728E1E /* FusionAuthStateObject.swift in Sources */ = {isa = PBXBuildFile; fileRef = 0E5184922CD627E5004E2416 /* FusionAuthStateObject.swift */; };
		CDB79E722EAAF94300728E1E /* LoggedInView.swift in Sources */ = {isa = PBXBuildFile; fileRef = 0E8454C92BF50C62007C5E0D /* LoggedInView.swift */; };
		CDB79E732EAAF94300728E1E /* LoginView.swift in Sources */ = {isa = PBXBuildFile; fileRef = 0E8454C52BF509C6007C5E0D /* LoginView.swift */; };
		CDB79E742EAAF94300728E1E /* ContentView.swift in Sources */ = {isa = PBXBuildFile; fileRef = 0E2795FA2BD937B800738892 /* ContentView.swift */; };
		CDB79E752EAAF94300728E1E /* HomeView.swift in Sources */ = {isa = PBXBuildFile; fileRef = 0E8454CB2BF50CE8007C5E0D /* HomeView.swift */; };
		CDB79E762EAAF94300728E1E /* QuickstartApp.swift in Sources */ = {isa = PBXBuildFile; fileRef = 0E2795F82BD937B800738892 /* QuickstartApp.swift */; };
		CDB79E772EAAF94300728E1E /* MakeChangeView.swift in Sources */ = {isa = PBXBuildFile; fileRef = 0E8454CD2BF50D19007C5E0D /* MakeChangeView.swift */; };
		CDB79E782EAAF94300728E1E /* Styles.swift in Sources */ = {isa = PBXBuildFile; fileRef = 0E8454C72BF50A3C007C5E0D /* Styles.swift */; };
		CDB79E7A2EAAF94300728E1E /* FusionAuth in Frameworks */ = {isa = PBXBuildFile; productRef = CDB79E6F2EAAF94300728E1E /* FusionAuth */; };
		CDB79E7C2EAAF94300728E1E /* FusionAuth.plist in Resources */ = {isa = PBXBuildFile; fileRef = 0EB1000F2CD90699007AB813 /* FusionAuth.plist */; };
		CDB79E7D2EAAF94300728E1E /* Preview Assets.xcassets in Resources */ = {isa = PBXBuildFile; fileRef = 0E2795FF2BD937BA00738892 /* Preview Assets.xcassets */; };
		CDB79E7F2EAAF94300728E1E /* Assets.xcassets in Resources */ = {isa = PBXBuildFile; fileRef = 0E2795FC2BD937BA00738892 /* Assets.xcassets */; };
		CDB79E882EAAF94A00728E1E /* QuickstartTests.swift in Sources */ = {isa = PBXBuildFile; fileRef = 939AED162CC91492000E2D3F /* QuickstartTests.swift */; };
/* End PBXBuildFile section */

/* Begin PBXContainerItemProxy section */
		0E232BEB2CC7ABD100D944E5 /* PBXContainerItemProxy */ = {
			isa = PBXContainerItemProxy;
			containerPortal = 0E2795ED2BD937B800738892 /* Project object */;
			proxyType = 1;
			remoteGlobalIDString = 0E2795F42BD937B800738892;
			remoteInfo = "fusionauth-quickstart-swift-ios-native";
		};
		CDB79E862EAAF94A00728E1E /* PBXContainerItemProxy */ = {
			isa = PBXContainerItemProxy;
			containerPortal = 0E2795ED2BD937B800738892 /* Project object */;
			proxyType = 1;
			remoteGlobalIDString = 0E2795F42BD937B800738892;
			remoteInfo = "fusionauth-quickstart-swift-ios-native";
		};
		CDB79E8F2EB0378300728E1E /* PBXContainerItemProxy */ = {
			isa = PBXContainerItemProxy;
			containerPortal = 0E2795ED2BD937B800738892 /* Project object */;
			proxyType = 1;
			remoteGlobalIDString = CDB79E6E2EAAF94300728E1E;
			remoteInfo = "fusionauth-quickstart-swift-ios-native-swift-6";
		};
/* End PBXContainerItemProxy section */

/* Begin PBXFileReference section */
		0E232BE52CC7ABD100D944E5 /* QuickstartTests.xctest */ = {isa = PBXFileReference; explicitFileType = wrapper.cfbundle; includeInIndex = 0; path = QuickstartTests.xctest; sourceTree = BUILT_PRODUCTS_DIR; };
		0E2795F52BD937B800738892 /* fusionauth-quickstart-swift-ios-native.app */ = {isa = PBXFileReference; explicitFileType = wrapper.application; includeInIndex = 0; path = "fusionauth-quickstart-swift-ios-native.app"; sourceTree = BUILT_PRODUCTS_DIR; };
		0E2795F82BD937B800738892 /* QuickstartApp.swift */ = {isa = PBXFileReference; lastKnownFileType = sourcecode.swift; path = QuickstartApp.swift; sourceTree = "<group>"; };
		0E2795FA2BD937B800738892 /* ContentView.swift */ = {isa = PBXFileReference; lastKnownFileType = sourcecode.swift; path = ContentView.swift; sourceTree = "<group>"; };
		0E2795FC2BD937BA00738892 /* Assets.xcassets */ = {isa = PBXFileReference; lastKnownFileType = folder.assetcatalog; path = Assets.xcassets; sourceTree = "<group>"; };
		0E2795FF2BD937BA00738892 /* Preview Assets.xcassets */ = {isa = PBXFileReference; lastKnownFileType = folder.assetcatalog; path = "Preview Assets.xcassets"; sourceTree = "<group>"; };
		0E5184922CD627E5004E2416 /* FusionAuthStateObject.swift */ = {isa = PBXFileReference; lastKnownFileType = sourcecode.swift; path = FusionAuthStateObject.swift; sourceTree = "<group>"; };
		0E8454C52BF509C6007C5E0D /* LoginView.swift */ = {isa = PBXFileReference; lastKnownFileType = sourcecode.swift; path = LoginView.swift; sourceTree = "<group>"; };
		0E8454C72BF50A3C007C5E0D /* Styles.swift */ = {isa = PBXFileReference; lastKnownFileType = sourcecode.swift; path = Styles.swift; sourceTree = "<group>"; };
		0E8454C92BF50C62007C5E0D /* LoggedInView.swift */ = {isa = PBXFileReference; lastKnownFileType = sourcecode.swift; path = LoggedInView.swift; sourceTree = "<group>"; };
		0E8454CB2BF50CE8007C5E0D /* HomeView.swift */ = {isa = PBXFileReference; lastKnownFileType = sourcecode.swift; path = HomeView.swift; sourceTree = "<group>"; };
		0E8454CD2BF50D19007C5E0D /* MakeChangeView.swift */ = {isa = PBXFileReference; lastKnownFileType = sourcecode.swift; path = MakeChangeView.swift; sourceTree = "<group>"; };
		0EB1000F2CD90699007AB813 /* FusionAuth.plist */ = {isa = PBXFileReference; lastKnownFileType = text.plist.xml; path = FusionAuth.plist; sourceTree = "<group>"; };
		939AED162CC91492000E2D3F /* QuickstartTests.swift */ = {isa = PBXFileReference; lastKnownFileType = sourcecode.swift; path = QuickstartTests.swift; sourceTree = "<group>"; };
		CD12D0462EF310A000266540 /* ConfigurationManager.swift */ = {isa = PBXFileReference; lastKnownFileType = sourcecode.swift; path = ConfigurationManager.swift; sourceTree = "<group>"; };
		CDB79E832EAAF94300728E1E /* fusionauth-quickstart-swift-ios-native-swift-6.app */ = {isa = PBXFileReference; explicitFileType = wrapper.application; includeInIndex = 0; path = "fusionauth-quickstart-swift-ios-native-swift-6.app"; sourceTree = BUILT_PRODUCTS_DIR; };
		CDB79E8E2EAAF94A00728E1E /* QuickstartTests-swift-6.xctest */ = {isa = PBXFileReference; explicitFileType = wrapper.cfbundle; includeInIndex = 0; path = "QuickstartTests-swift-6.xctest"; sourceTree = BUILT_PRODUCTS_DIR; };
/* End PBXFileReference section */

/* Begin PBXFrameworksBuildPhase section */
		0E232BE22CC7ABD100D944E5 /* Frameworks */ = {
			isa = PBXFrameworksBuildPhase;
			buildActionMask = 2147483647;
			files = (
			);
			runOnlyForDeploymentPostprocessing = 0;
		};
		0E2795F22BD937B800738892 /* Frameworks */ = {
			isa = PBXFrameworksBuildPhase;
			buildActionMask = 2147483647;
			files = (
				0E3A85562BD94071008D2419 /* FusionAuth in Frameworks */,
			);
			runOnlyForDeploymentPostprocessing = 0;
		};
		CDB79E792EAAF94300728E1E /* Frameworks */ = {
			isa = PBXFrameworksBuildPhase;
			buildActionMask = 2147483647;
			files = (
				CDB79E7A2EAAF94300728E1E /* FusionAuth in Frameworks */,
			);
			runOnlyForDeploymentPostprocessing = 0;
		};
		CDB79E892EAAF94A00728E1E /* Frameworks */ = {
			isa = PBXFrameworksBuildPhase;
			buildActionMask = 2147483647;
			files = (
			);
			runOnlyForDeploymentPostprocessing = 0;
		};
/* End PBXFrameworksBuildPhase section */

/* Begin PBXGroup section */
		0E2795EC2BD937B800738892 = {
			isa = PBXGroup;
			children = (
				0E2795F72BD937B800738892 /* Quickstart */,
				939AED182CC91492000E2D3F /* QuickstartTests */,
				0E2795F62BD937B800738892 /* Products */,
				0E8454C42BF50595007C5E0D /* Frameworks */,
			);
			sourceTree = "<group>";
		};
		0E2795F62BD937B800738892 /* Products */ = {
			isa = PBXGroup;
			children = (
				0E2795F52BD937B800738892 /* fusionauth-quickstart-swift-ios-native.app */,
				0E232BE52CC7ABD100D944E5 /* QuickstartTests.xctest */,
				CDB79E832EAAF94300728E1E /* fusionauth-quickstart-swift-ios-native-swift-6.app */,
				CDB79E8E2EAAF94A00728E1E /* QuickstartTests-swift-6.xctest */,
			);
			name = Products;
			sourceTree = "<group>";
		};
		0E2795F72BD937B800738892 /* Quickstart */ = {
			isa = PBXGroup;
			children = (
				0E5184922CD627E5004E2416 /* FusionAuthStateObject.swift */,
				0E2795F82BD937B800738892 /* QuickstartApp.swift */,
				CD12D0462EF310A000266540 /* ConfigurationManager.swift */,
				0E2795FA2BD937B800738892 /* ContentView.swift */,
				0E2795FC2BD937BA00738892 /* Assets.xcassets */,
				0E2795FE2BD937BA00738892 /* Preview Content */,
				0E8454C52BF509C6007C5E0D /* LoginView.swift */,
				0E8454C72BF50A3C007C5E0D /* Styles.swift */,
				0E8454C92BF50C62007C5E0D /* LoggedInView.swift */,
				0E8454CB2BF50CE8007C5E0D /* HomeView.swift */,
				0E8454CD2BF50D19007C5E0D /* MakeChangeView.swift */,
				0EB1000F2CD90699007AB813 /* FusionAuth.plist */,
			);
			path = Quickstart;
			sourceTree = "<group>";
		};
		0E2795FE2BD937BA00738892 /* Preview Content */ = {
			isa = PBXGroup;
			children = (
				0E2795FF2BD937BA00738892 /* Preview Assets.xcassets */,
			);
			path = "Preview Content";
			sourceTree = "<group>";
		};
		0E8454C42BF50595007C5E0D /* Frameworks */ = {
			isa = PBXGroup;
			children = (
			);
			name = Frameworks;
			sourceTree = "<group>";
		};
		939AED182CC91492000E2D3F /* QuickstartTests */ = {
			isa = PBXGroup;
			children = (
				939AED162CC91492000E2D3F /* QuickstartTests.swift */,
			);
			path = QuickstartTests;
			sourceTree = "<group>";
		};
/* End PBXGroup section */

/* Begin PBXNativeTarget section */
		0E232BE42CC7ABD100D944E5 /* QuickstartTests */ = {
			isa = PBXNativeTarget;
			buildConfigurationList = 0E232BEF2CC7ABD100D944E5 /* Build configuration list for PBXNativeTarget "QuickstartTests" */;
			buildPhases = (
				0E232BE12CC7ABD100D944E5 /* Sources */,
				0E232BE22CC7ABD100D944E5 /* Frameworks */,
				0E232BE32CC7ABD100D944E5 /* Resources */,
			);
			buildRules = (
			);
			dependencies = (
				0E232BEC2CC7ABD100D944E5 /* PBXTargetDependency */,
			);
			name = QuickstartTests;
			packageProductDependencies = (
			);
			productName = QuickstartTests;
			productReference = 0E232BE52CC7ABD100D944E5 /* QuickstartTests.xctest */;
			productType = "com.apple.product-type.bundle.ui-testing";
		};
		0E2795F42BD937B800738892 /* fusionauth-quickstart-swift-ios-native */ = {
			isa = PBXNativeTarget;
			buildConfigurationList = 0E2796032BD937BA00738892 /* Build configuration list for PBXNativeTarget "fusionauth-quickstart-swift-ios-native" */;
			buildPhases = (
				0E2795F12BD937B800738892 /* Sources */,
				0E2795F22BD937B800738892 /* Frameworks */,
				0E2795F32BD937B800738892 /* Resources */,
			);
			buildRules = (
			);
			dependencies = (
			);
			name = "fusionauth-quickstart-swift-ios-native";
			packageProductDependencies = (
				0E3A85552BD94071008D2419 /* FusionAuth */,
			);
			productName = Quickstart;
			productReference = 0E2795F52BD937B800738892 /* fusionauth-quickstart-swift-ios-native.app */;
			productType = "com.apple.product-type.application";
		};
		CDB79E6E2EAAF94300728E1E /* fusionauth-quickstart-swift-ios-native-swift-6 */ = {
			isa = PBXNativeTarget;
			buildConfigurationList = CDB79E802EAAF94300728E1E /* Build configuration list for PBXNativeTarget "fusionauth-quickstart-swift-ios-native-swift-6" */;
			buildPhases = (
				CDB79E702EAAF94300728E1E /* Sources */,
				CDB79E792EAAF94300728E1E /* Frameworks */,
				CDB79E7B2EAAF94300728E1E /* Resources */,
			);
			buildRules = (
			);
			dependencies = (
			);
			name = "fusionauth-quickstart-swift-ios-native-swift-6";
			packageProductDependencies = (
				CDB79E6F2EAAF94300728E1E /* FusionAuth */,
			);
			productName = Quickstart;
			productReference = CDB79E832EAAF94300728E1E /* fusionauth-quickstart-swift-ios-native-swift-6.app */;
			productType = "com.apple.product-type.application";
		};
		CDB79E842EAAF94A00728E1E /* QuickstartTests-swift-6 */ = {
			isa = PBXNativeTarget;
			buildConfigurationList = CDB79E8B2EAAF94A00728E1E /* Build configuration list for PBXNativeTarget "QuickstartTests-swift-6" */;
			buildPhases = (
				CDB79E872EAAF94A00728E1E /* Sources */,
				CDB79E892EAAF94A00728E1E /* Frameworks */,
				CDB79E8A2EAAF94A00728E1E /* Resources */,
			);
			buildRules = (
			);
			dependencies = (
				CDB79E852EAAF94A00728E1E /* PBXTargetDependency */,
				CDB79E902EB0378300728E1E /* PBXTargetDependency */,
			);
			name = "QuickstartTests-swift-6";
			packageProductDependencies = (
			);
			productName = QuickstartTests;
			productReference = CDB79E8E2EAAF94A00728E1E /* QuickstartTests-swift-6.xctest */;
			productType = "com.apple.product-type.bundle.ui-testing";
		};
/* End PBXNativeTarget section */

/* Begin PBXProject section */
		0E2795ED2BD937B800738892 /* Project object */ = {
			isa = PBXProject;
			attributes = {
				BuildIndependentTargetsInParallel = 1;
				LastSwiftUpdateCheck = 2650;
				LastUpgradeCheck = 2650;
				TargetAttributes = {
					0E232BE42CC7ABD100D944E5 = {
						CreatedOnToolsVersion = 16.0;
						TestTargetID = 0E2795F42BD937B800738892;
					};
					0E2795F42BD937B800738892 = {
						CreatedOnToolsVersion = 15.3;
					};
					CDB79E842EAAF94A00728E1E = {
						TestTargetID = CDB79E6E2EAAF94300728E1E;
					};
				};
			};
			buildConfigurationList = 0E2795F02BD937B800738892 /* Build configuration list for PBXProject "fusionauth-quickstart-swift-ios-native" */;
			compatibilityVersion = "Xcode 13.0";
			developmentRegion = en;
			hasScannedForEncodings = 0;
			knownRegions = (
				en,
				Base,
			);
			mainGroup = 0E2795EC2BD937B800738892;
			packageReferences = (
				FA130000DEADBEEF00000001 /* XCRemoteSwiftPackageReference "fusionauth-swift-sdk" */,
			);
			productRefGroup = 0E2795F62BD937B800738892 /* Products */;
			projectDirPath = "";
			projectRoot = "";
			targets = (
				0E2795F42BD937B800738892 /* fusionauth-quickstart-swift-ios-native */,
				0E232BE42CC7ABD100D944E5 /* QuickstartTests */,
				CDB79E6E2EAAF94300728E1E /* fusionauth-quickstart-swift-ios-native-swift-6 */,
				CDB79E842EAAF94A00728E1E /* QuickstartTests-swift-6 */,
			);
		};
/* End PBXProject section */

/* Begin PBXResourcesBuildPhase section */
		0E232BE32CC7ABD100D944E5 /* Resources */ = {
			isa = PBXResourcesBuildPhase;
			buildActionMask = 2147483647;
			files = (
			);
			runOnlyForDeploymentPostprocessing = 0;
		};
		0E2795F32BD937B800738892 /* Resources */ = {
			isa = PBXResourcesBuildPhase;
			buildActionMask = 2147483647;
			files = (
				0EB100102CD90699007AB813 /* FusionAuth.plist in Resources */,
				0E2796002BD937BA00738892 /* Preview Assets.xcassets in Resources */,
				0E2795FD2BD937BA00738892 /* Assets.xcassets in Resources */,
			);
			runOnlyForDeploymentPostprocessing = 0;
		};
		CDB79E7B2EAAF94300728E1E /* Resources */ = {
			isa = PBXResourcesBuildPhase;
			buildActionMask = 2147483647;
			files = (
				CDB79E7C2EAAF94300728E1E /* FusionAuth.plist in Resources */,
				CDB79E7D2EAAF94300728E1E /* Preview Assets.xcassets in Resources */,
				CDB79E7F2EAAF94300728E1E /* Assets.xcassets in Resources */,
			);
			runOnlyForDeploymentPostprocessing = 0;
		};
		CDB79E8A2EAAF94A00728E1E /* Resources */ = {
			isa = PBXResourcesBuildPhase;
			buildActionMask = 2147483647;
			files = (
			);
			runOnlyForDeploymentPostprocessing = 0;
		};
/* End PBXResourcesBuildPhase section */

/* Begin PBXSourcesBuildPhase section */
		0E232BE12CC7ABD100D944E5 /* Sources */ = {
			isa = PBXSourcesBuildPhase;
			buildActionMask = 2147483647;
			files = (
				939AED192CC91492000E2D3F /* QuickstartTests.swift in Sources */,
			);
			runOnlyForDeploymentPostprocessing = 0;
		};
		0E2795F12BD937B800738892 /* Sources */ = {
			isa = PBXSourcesBuildPhase;
			buildActionMask = 2147483647;
			files = (
				0E5184932CD627E9004E2416 /* FusionAuthStateObject.swift in Sources */,
				0E8454CA2BF50C62007C5E0D /* LoggedInView.swift in Sources */,
				0E8454C62BF509C6007C5E0D /* LoginView.swift in Sources */,
				0E2795FB2BD937B800738892 /* ContentView.swift in Sources */,
				0E8454CC2BF50CE8007C5E0D /* HomeView.swift in Sources */,
				CD12D0472EF310A000266540 /* ConfigurationManager.swift in Sources */,
				0E2795F92BD937B800738892 /* QuickstartApp.swift in Sources */,
				0E8454CE2BF50D19007C5E0D /* MakeChangeView.swift in Sources */,
				0E8454C82BF50A3C007C5E0D /* Styles.swift in Sources */,
			);
			runOnlyForDeploymentPostprocessing = 0;
		};
		CDB79E702EAAF94300728E1E /* Sources */ = {
			isa = PBXSourcesBuildPhase;
			buildActionMask = 2147483647;
			files = (
				CDB79E712EAAF94300728E1E /* FusionAuthStateObject.swift in Sources */,
				CDB79E722EAAF94300728E1E /* LoggedInView.swift in Sources */,
				CDB79E732EAAF94300728E1E /* LoginView.swift in Sources */,
				CDB79E742EAAF94300728E1E /* ContentView.swift in Sources */,
				CDB79E752EAAF94300728E1E /* HomeView.swift in Sources */,
				CD12D0482EF310A000266540 /* ConfigurationManager.swift in Sources */,
				CDB79E762EAAF94300728E1E /* QuickstartApp.swift in Sources */,
				CDB79E772EAAF94300728E1E /* MakeChangeView.swift in Sources */,
				CDB79E782EAAF94300728E1E /* Styles.swift in Sources */,
			);
			runOnlyForDeploymentPostprocessing = 0;
		};
		CDB79E872EAAF94A00728E1E /* Sources */ = {
			isa = PBXSourcesBuildPhase;
			buildActionMask = 2147483647;
			files = (
				CDB79E882EAAF94A00728E1E /* QuickstartTests.swift in Sources */,
			);
			runOnlyForDeploymentPostprocessing = 0;
		};
/* End PBXSourcesBuildPhase section */

/* Begin PBXTargetDependency section */
		0E232BEC2CC7ABD100D944E5 /* PBXTargetDependency */ = {
			isa = PBXTargetDependency;
			target = 0E2795F42BD937B800738892 /* fusionauth-quickstart-swift-ios-native */;
			targetProxy = 0E232BEB2CC7ABD100D944E5 /* PBXContainerItemProxy */;
		};
		CDB79E852EAAF94A00728E1E /* PBXTargetDependency */ = {
			isa = PBXTargetDependency;
			target = 0E2795F42BD937B800738892 /* fusionauth-quickstart-swift-ios-native */;
			targetProxy = CDB79E862EAAF94A00728E1E /* PBXContainerItemProxy */;
		};
		CDB79E902EB0378300728E1E /* PBXTargetDependency */ = {
			isa = PBXTargetDependency;
			target = CDB79E6E2EAAF94300728E1E /* fusionauth-quickstart-swift-ios-native-swift-6 */;
			targetProxy = CDB79E8F2EB0378300728E1E /* PBXContainerItemProxy */;
		};
/* End PBXTargetDependency section */

/* Begin XCBuildConfiguration section */
		0E232BED2CC7ABD100D944E5 /* Debug */ = {
			isa = XCBuildConfiguration;
			buildSettings = {
				CODE_SIGN_STYLE = Automatic;
				CURRENT_PROJECT_VERSION = 1;
				DEVELOPMENT_TEAM = "";
				GENERATE_INFOPLIST_FILE = YES;
				IPHONEOS_DEPLOYMENT_TARGET = 15.0;
				MARKETING_VERSION = 1.0;
				PRODUCT_BUNDLE_IDENTIFIER = io.fusionauth.QuickstartTests;
				PRODUCT_NAME = "$(TARGET_NAME)";
				SWIFT_EMIT_LOC_STRINGS = NO;
				SWIFT_VERSION = 5.0;
				TARGETED_DEVICE_FAMILY = "1,2";
				TEST_TARGET_NAME = "fusionauth-quickstart-swift-ios-native";
			};
			name = Debug;
		};
		0E232BEE2CC7ABD100D944E5 /* Release */ = {
			isa = XCBuildConfiguration;
			buildSettings = {
				CODE_SIGN_STYLE = Automatic;
				CURRENT_PROJECT_VERSION = 1;
				DEVELOPMENT_TEAM = "";
				GENERATE_INFOPLIST_FILE = YES;
				IPHONEOS_DEPLOYMENT_TARGET = 15.0;
				MARKETING_VERSION = 1.0;
				PRODUCT_BUNDLE_IDENTIFIER = io.fusionauth.QuickstartTests;
				PRODUCT_NAME = "$(TARGET_NAME)";
				SWIFT_EMIT_LOC_STRINGS = NO;
				SWIFT_VERSION = 5.0;
				TARGETED_DEVICE_FAMILY = "1,2";
				TEST_TARGET_NAME = "fusionauth-quickstart-swift-ios-native";
			};
			name = Release;
		};
		0E2796012BD937BA00738892 /* Debug */ = {
			isa = XCBuildConfiguration;
			buildSettings = {
				ALWAYS_SEARCH_USER_PATHS = NO;
				ASSETCATALOG_COMPILER_GENERATE_SWIFT_ASSET_SYMBOL_EXTENSIONS = YES;
				CLANG_ANALYZER_NONNULL = YES;
				CLANG_ANALYZER_NUMBER_OBJECT_CONVERSION = YES_AGGRESSIVE;
				CLANG_CXX_LANGUAGE_STANDARD = "gnu++20";
				CLANG_ENABLE_MODULES = YES;
				CLANG_ENABLE_OBJC_ARC = YES;
				CLANG_ENABLE_OBJC_WEAK = YES;
				CLANG_WARN_BLOCK_CAPTURE_AUTORELEASING = YES;
				CLANG_WARN_BOOL_CONVERSION = YES;
				CLANG_WARN_COMMA = YES;
				CLANG_WARN_CONSTANT_CONVERSION = YES;
				CLANG_WARN_DEPRECATED_OBJC_IMPLEMENTATIONS = YES;
				CLANG_WARN_DIRECT_OBJC_ISA_USAGE = YES_ERROR;
				CLANG_WARN_DOCUMENTATION_COMMENTS = YES;
				CLANG_WARN_EMPTY_BODY = YES;
				CLANG_WARN_ENUM_CONVERSION = YES;
				CLANG_WARN_INFINITE_RECURSION = YES;
				CLANG_WARN_INT_CONVERSION = YES;
				CLANG_WARN_NON_LITERAL_NULL_CONVERSION = YES;
				CLANG_WARN_OBJC_IMPLICIT_RETAIN_SELF = YES;
				CLANG_WARN_OBJC_LITERAL_CONVERSION = YES;
				CLANG_WARN_OBJC_ROOT_CLASS = YES_ERROR;
				CLANG_WARN_QUOTED_INCLUDE_IN_FRAMEWORK_HEADER = YES;
				CLANG_WARN_RANGE_LOOP_ANALYSIS = YES;
				CLANG_WARN_STRICT_PROTOTYPES = YES;
				CLANG_WARN_SUSPICIOUS_MOVE = YES;
				CLANG_WARN_UNGUARDED_AVAILABILITY = YES_AGGRESSIVE;
				CLANG_WARN_UNREACHABLE_CODE = YES;
				CLANG_WARN__DUPLICATE_METHOD_MATCH = YES;
				COPY_PHASE_STRIP = NO;
				DEBUG_INFORMATION_FORMAT = dwarf;
				ENABLE_STRICT_OBJC_MSGSEND = YES;
				ENABLE_TESTABILITY = YES;
				ENABLE_USER_SCRIPT_SANDBOXING = YES;
				GCC_C_LANGUAGE_STANDARD = gnu17;
				GCC_DYNAMIC_NO_PIC = NO;
				GCC_NO_COMMON_BLOCKS = YES;
				GCC_OPTIMIZATION_LEVEL = 0;
				GCC_PREPROCESSOR_DEFINITIONS = (
					"DEBUG=1",
					"$(inherited)",
				);
				GCC_WARN_64_TO_32_BIT_CONVERSION = YES;
				GCC_WARN_ABOUT_RETURN_TYPE = YES_ERROR;
				GCC_WARN_UNDECLARED_SELECTOR = YES;
				GCC_WARN_UNINITIALIZED_AUTOS = YES_AGGRESSIVE;
				GCC_WARN_UNUSED_FUNCTION = YES;
				GCC_WARN_UNUSED_VARIABLE = YES;
				IPHONEOS_DEPLOYMENT_TARGET = 15.0;
				LOCALIZATION_PREFERS_STRING_CATALOGS = YES;
				MTL_ENABLE_DEBUG_INFO = INCLUDE_SOURCE;
				MTL_FAST_MATH = YES;
				ONLY_ACTIVE_ARCH = YES;
				SDKROOT = iphoneos;
				SWIFT_ACTIVE_COMPILATION_CONDITIONS = "DEBUG $(inherited)";
				SWIFT_OPTIMIZATION_LEVEL = "-Onone";
				SWIFT_VERSION = "";
			};
			name = Debug;
		};
		0E2796022BD937BA00738892 /* Release */ = {
			isa = XCBuildConfiguration;
			buildSettings = {
				ALWAYS_SEARCH_USER_PATHS = NO;
				ASSETCATALOG_COMPILER_GENERATE_SWIFT_ASSET_SYMBOL_EXTENSIONS = YES;
				CLANG_ANALYZER_NONNULL = YES;
				CLANG_ANALYZER_NUMBER_OBJECT_CONVERSION = YES_AGGRESSIVE;
				CLANG_CXX_LANGUAGE_STANDARD = "gnu++20";
				CLANG_ENABLE_MODULES = YES;
				CLANG_ENABLE_OBJC_ARC = YES;
				CLANG_ENABLE_OBJC_WEAK = YES;
				CLANG_WARN_BLOCK_CAPTURE_AUTORELEASING = YES;
				CLANG_WARN_BOOL_CONVERSION = YES;
				CLANG_WARN_COMMA = YES;
				CLANG_WARN_CONSTANT_CONVERSION = YES;
				CLANG_WARN_DEPRECATED_OBJC_IMPLEMENTATIONS = YES;
				CLANG_WARN_DIRECT_OBJC_ISA_USAGE = YES_ERROR;
				CLANG_WARN_DOCUMENTATION_COMMENTS = YES;
				CLANG_WARN_EMPTY_BODY = YES;
				CLANG_WARN_ENUM_CONVERSION = YES;
				CLANG_WARN_INFINITE_RECURSION = YES;
				CLANG_WARN_INT_CONVERSION = YES;
				CLANG_WARN_NON_LITERAL_NULL_CONVERSION = YES;
				CLANG_WARN_OBJC_IMPLICIT_RETAIN_SELF = YES;
				CLANG_WARN_OBJC_LITERAL_CONVERSION = YES;
				CLANG_WARN_OBJC_ROOT_CLASS = YES_ERROR;
				CLANG_WARN_QUOTED_INCLUDE_IN_FRAMEWORK_HEADER = YES;
				CLANG_WARN_RANGE_LOOP_ANALYSIS = YES;
				CLANG_WARN_STRICT_PROTOTYPES = YES;
				CLANG_WARN_SUSPICIOUS_MOVE = YES;
				CLANG_WARN_UNGUARDED_AVAILABILITY = YES_AGGRESSIVE;
				CLANG_WARN_UNREACHABLE_CODE = YES;
				CLANG_WARN__DUPLICATE_METHOD_MATCH = YES;
				COPY_PHASE_STRIP = NO;
				DEBUG_INFORMATION_FORMAT = "dwarf-with-dsym";
				ENABLE_NS_ASSERTIONS = NO;
				ENABLE_STRICT_OBJC_MSGSEND = YES;
				ENABLE_USER_SCRIPT_SANDBOXING = YES;
				GCC_C_LANGUAGE_STANDARD = gnu17;
				GCC_NO_COMMON_BLOCKS = YES;
				GCC_WARN_64_TO_32_BIT_CONVERSION = YES;
				GCC_WARN_ABOUT_RETURN_TYPE = YES_ERROR;
				GCC_WARN_UNDECLARED_SELECTOR = YES;
				GCC_WARN_UNINITIALIZED_AUTOS = YES_AGGRESSIVE;
				GCC_WARN_UNUSED_FUNCTION = YES;
				GCC_WARN_UNUSED_VARIABLE = YES;
				IPHONEOS_DEPLOYMENT_TARGET = 15.0;
				LOCALIZATION_PREFERS_STRING_CATALOGS = YES;
				MTL_ENABLE_DEBUG_INFO = NO;
				MTL_FAST_MATH = YES;
				SDKROOT = iphoneos;
				SWIFT_COMPILATION_MODE = wholemodule;
				SWIFT_VERSION = "";
				VALIDATE_PRODUCT = YES;
			};
			name = Release;
		};
		0E2796042BD937BA00738892 /* Debug */ = {
			isa = XCBuildConfiguration;
			buildSettings = {
				ASSETCATALOG_COMPILER_APPICON_NAME = AppIcon;
				ASSETCATALOG_COMPILER_GLOBAL_ACCENT_COLOR_NAME = AccentColor;
				CODE_SIGN_STYLE = Automatic;
				CURRENT_PROJECT_VERSION = 1;
				DEVELOPMENT_ASSET_PATHS = "\"Quickstart/Preview Content\"";
				DEVELOPMENT_TEAM = "";
				ENABLE_PREVIEWS = YES;
				GENERATE_INFOPLIST_FILE = YES;
				INFOPLIST_KEY_UIApplicationSceneManifest_Generation = YES;
				INFOPLIST_KEY_UIApplicationSupportsIndirectInputEvents = YES;
				INFOPLIST_KEY_UILaunchScreen_Generation = YES;
				INFOPLIST_KEY_UISupportedInterfaceOrientations_iPad = "UIInterfaceOrientationPortrait UIInterfaceOrientationPortraitUpsideDown UIInterfaceOrientationLandscapeLeft UIInterfaceOrientationLandscapeRight";
				INFOPLIST_KEY_UISupportedInterfaceOrientations_iPhone = "UIInterfaceOrientationPortrait UIInterfaceOrientationLandscapeLeft UIInterfaceOrientationLandscapeRight";
				LD_RUNPATH_SEARCH_PATHS = (
					"$(inherited)",
					"@executable_path/Frameworks",
				);
				MARKETING_VERSION = 1.0;
				PRODUCT_BUNDLE_IDENTIFIER = io.fusionauth.Quickstart;
				PRODUCT_NAME = "$(TARGET_NAME)";
				SUPPORTED_PLATFORMS = "iphoneos iphonesimulator";
				SUPPORTS_MACCATALYST = NO;
				SUPPORTS_MAC_DESIGNED_FOR_IPHONE_IPAD = YES;
				SUPPORTS_XR_DESIGNED_FOR_IPHONE_IPAD = YES;
				SWIFT_EMIT_LOC_STRINGS = YES;
				SWIFT_VERSION = 5.0;
				TARGETED_DEVICE_FAMILY = "1,2";
			};
			name = Debug;
		};
		0E2796052BD937BA00738892 /* Release */ = {
			isa = XCBuildConfiguration;
			buildSettings = {
				ASSETCATALOG_COMPILER_APPICON_NAME = AppIcon;
				ASSETCATALOG_COMPILER_GLOBAL_ACCENT_COLOR_NAME = AccentColor;
				CODE_SIGN_STYLE = Automatic;
				CURRENT_PROJECT_VERSION = 1;
				DEVELOPMENT_ASSET_PATHS = "\"Quickstart/Preview Content\"";
				DEVELOPMENT_TEAM = "";
				ENABLE_PREVIEWS = YES;
				GENERATE_INFOPLIST_FILE = YES;
				INFOPLIST_KEY_UIApplicationSceneManifest_Generation = YES;
				INFOPLIST_KEY_UIApplicationSupportsIndirectInputEvents = YES;
				INFOPLIST_KEY_UILaunchScreen_Generation = YES;
				INFOPLIST_KEY_UISupportedInterfaceOrientations_iPad = "UIInterfaceOrientationPortrait UIInterfaceOrientationPortraitUpsideDown UIInterfaceOrientationLandscapeLeft UIInterfaceOrientationLandscapeRight";
				INFOPLIST_KEY_UISupportedInterfaceOrientations_iPhone = "UIInterfaceOrientationPortrait UIInterfaceOrientationLandscapeLeft UIInterfaceOrientationLandscapeRight";
				LD_RUNPATH_SEARCH_PATHS = (
					"$(inherited)",
					"@executable_path/Frameworks",
				);
				MARKETING_VERSION = 1.0;
				PRODUCT_BUNDLE_IDENTIFIER = io.fusionauth.Quickstart;
				PRODUCT_NAME = "$(TARGET_NAME)";
				SUPPORTED_PLATFORMS = "iphoneos iphonesimulator";
				SUPPORTS_MACCATALYST = NO;
				SUPPORTS_MAC_DESIGNED_FOR_IPHONE_IPAD = YES;
				SUPPORTS_XR_DESIGNED_FOR_IPHONE_IPAD = YES;
				SWIFT_EMIT_LOC_STRINGS = YES;
				SWIFT_VERSION = 5.0;
				TARGETED_DEVICE_FAMILY = "1,2";
			};
			name = Release;
		};
		CDB79E812EAAF94300728E1E /* Debug */ = {
			isa = XCBuildConfiguration;
			buildSettings = {
				ASSETCATALOG_COMPILER_APPICON_NAME = AppIcon;
				ASSETCATALOG_COMPILER_GLOBAL_ACCENT_COLOR_NAME = AccentColor;
				CODE_SIGN_STYLE = Automatic;
				CURRENT_PROJECT_VERSION = 1;
				DEVELOPMENT_ASSET_PATHS = "\"Quickstart/Preview Content\"";
				DEVELOPMENT_TEAM = "";
				ENABLE_PREVIEWS = YES;
				GENERATE_INFOPLIST_FILE = YES;
				INFOPLIST_KEY_UIApplicationSceneManifest_Generation = YES;
				INFOPLIST_KEY_UIApplicationSupportsIndirectInputEvents = YES;
				INFOPLIST_KEY_UILaunchScreen_Generation = YES;
				INFOPLIST_KEY_UISupportedInterfaceOrientations_iPad = "UIInterfaceOrientationPortrait UIInterfaceOrientationPortraitUpsideDown UIInterfaceOrientationLandscapeLeft UIInterfaceOrientationLandscapeRight";
				INFOPLIST_KEY_UISupportedInterfaceOrientations_iPhone = "UIInterfaceOrientationPortrait UIInterfaceOrientationLandscapeLeft UIInterfaceOrientationLandscapeRight";
				LD_RUNPATH_SEARCH_PATHS = (
					"$(inherited)",
					"@executable_path/Frameworks",
				);
				MARKETING_VERSION = 1.0;
				PRODUCT_BUNDLE_IDENTIFIER = io.fusionauth.Quickstart;
				PRODUCT_NAME = "$(TARGET_NAME)";
				SUPPORTED_PLATFORMS = "iphoneos iphonesimulator";
				SUPPORTS_MACCATALYST = NO;
				SUPPORTS_MAC_DESIGNED_FOR_IPHONE_IPAD = YES;
				SUPPORTS_XR_DESIGNED_FOR_IPHONE_IPAD = YES;
				SWIFT_EMIT_LOC_STRINGS = YES;
				SWIFT_VERSION = 6.0;
				TARGETED_DEVICE_FAMILY = "1,2";
			};
			name = Debug;
		};
		CDB79E822EAAF94300728E1E /* Release */ = {
			isa = XCBuildConfiguration;
			buildSettings = {
				ASSETCATALOG_COMPILER_APPICON_NAME = AppIcon;
				ASSETCATALOG_COMPILER_GLOBAL_ACCENT_COLOR_NAME = AccentColor;
				CODE_SIGN_STYLE = Automatic;
				CURRENT_PROJECT_VERSION = 1;
				DEVELOPMENT_ASSET_PATHS = "\"Quickstart/Preview Content\"";
				DEVELOPMENT_TEAM = "";
				ENABLE_PREVIEWS = YES;
				GENERATE_INFOPLIST_FILE = YES;
				INFOPLIST_KEY_UIApplicationSceneManifest_Generation = YES;
				INFOPLIST_KEY_UIApplicationSupportsIndirectInputEvents = YES;
				INFOPLIST_KEY_UILaunchScreen_Generation = YES;
				INFOPLIST_KEY_UISupportedInterfaceOrientations_iPad = "UIInterfaceOrientationPortrait UIInterfaceOrientationPortraitUpsideDown UIInterfaceOrientationLandscapeLeft UIInterfaceOrientationLandscapeRight";
				INFOPLIST_KEY_UISupportedInterfaceOrientations_iPhone = "UIInterfaceOrientationPortrait UIInterfaceOrientationLandscapeLeft UIInterfaceOrientationLandscapeRight";
				LD_RUNPATH_SEARCH_PATHS = (
					"$(inherited)",
					"@executable_path/Frameworks",
				);
				MARKETING_VERSION = 1.0;
				PRODUCT_BUNDLE_IDENTIFIER = io.fusionauth.Quickstart;
				PRODUCT_NAME = "$(TARGET_NAME)";
				SUPPORTED_PLATFORMS = "iphoneos iphonesimulator";
				SUPPORTS_MACCATALYST = NO;
				SUPPORTS_MAC_DESIGNED_FOR_IPHONE_IPAD = YES;
				SUPPORTS_XR_DESIGNED_FOR_IPHONE_IPAD = YES;
				SWIFT_EMIT_LOC_STRINGS = YES;
				SWIFT_VERSION = 6.0;
				TARGETED_DEVICE_FAMILY = "1,2";
			};
			name = Release;
		};
		CDB79E8C2EAAF94A00728E1E /* Debug */ = {
			isa = XCBuildConfiguration;
			buildSettings = {
				CODE_SIGN_STYLE = Automatic;
				CURRENT_PROJECT_VERSION = 1;
				DEVELOPMENT_TEAM = "";
				GENERATE_INFOPLIST_FILE = YES;
				IPHONEOS_DEPLOYMENT_TARGET = 26.5;
				MARKETING_VERSION = 1.0;
				PRODUCT_BUNDLE_IDENTIFIER = io.fusionauth.QuickstartTests;
				PRODUCT_NAME = "$(TARGET_NAME)";
				SWIFT_EMIT_LOC_STRINGS = NO;
				SWIFT_VERSION = 6.0;
				TARGETED_DEVICE_FAMILY = "1,2";
				TEST_TARGET_NAME = "fusionauth-quickstart-swift-ios-native-swift-6";
			};
			name = Debug;
		};
		CDB79E8D2EAAF94A00728E1E /* Release */ = {
			isa = XCBuildConfiguration;
			buildSettings = {
				CODE_SIGN_STYLE = Automatic;
				CURRENT_PROJECT_VERSION = 1;
				DEVELOPMENT_TEAM = "";
				GENERATE_INFOPLIST_FILE = YES;
				IPHONEOS_DEPLOYMENT_TARGET = 26.5;
				MARKETING_VERSION = 1.0;
				PRODUCT_BUNDLE_IDENTIFIER = io.fusionauth.QuickstartTests;
				PRODUCT_NAME = "$(TARGET_NAME)";
				SWIFT_EMIT_LOC_STRINGS = NO;
				SWIFT_VERSION = 6.0;
				TARGETED_DEVICE_FAMILY = "1,2";
				TEST_TARGET_NAME = "fusionauth-quickstart-swift-ios-native-swift-6";
			};
			name = Release;
		};
/* End XCBuildConfiguration section */

/* Begin XCConfigurationList section */
		0E232BEF2CC7ABD100D944E5 /* Build configuration list for PBXNativeTarget "QuickstartTests" */ = {
			isa = XCConfigurationList;
			buildConfigurations = (
				0E232BED2CC7ABD100D944E5 /* Debug */,
				0E232BEE2CC7ABD100D944E5 /* Release */,
			);
			defaultConfigurationIsVisible = 0;
			defaultConfigurationName = Release;
		};
		0E2795F02BD937B800738892 /* Build configuration list for PBXProject "fusionauth-quickstart-swift-ios-native" */ = {
			isa = XCConfigurationList;
			buildConfigurations = (
				0E2796012BD937BA00738892 /* Debug */,
				0E2796022BD937BA00738892 /* Release */,
			);
			defaultConfigurationIsVisible = 0;
			defaultConfigurationName = Release;
		};
		0E2796032BD937BA00738892 /* Build configuration list for PBXNativeTarget "fusionauth-quickstart-swift-ios-native" */ = {
			isa = XCConfigurationList;
			buildConfigurations = (
				0E2796042BD937BA00738892 /* Debug */,
				0E2796052BD937BA00738892 /* Release */,
			);
			defaultConfigurationIsVisible = 0;
			defaultConfigurationName = Release;
		};
		CDB79E802EAAF94300728E1E /* Build configuration list for PBXNativeTarget "fusionauth-quickstart-swift-ios-native-swift-6" */ = {
			isa = XCConfigurationList;
			buildConfigurations = (
				CDB79E812EAAF94300728E1E /* Debug */,
				CDB79E822EAAF94300728E1E /* Release */,
			);
			defaultConfigurationIsVisible = 0;
			defaultConfigurationName = Release;
		};
		CDB79E8B2EAAF94A00728E1E /* Build configuration list for PBXNativeTarget "QuickstartTests-swift-6" */ = {
			isa = XCConfigurationList;
			buildConfigurations = (
				CDB79E8C2EAAF94A00728E1E /* Debug */,
				CDB79E8D2EAAF94A00728E1E /* Release */,
			);
			defaultConfigurationIsVisible = 0;
			defaultConfigurationName = Release;
		};
/* End XCConfigurationList section */

/* Begin XCRemoteSwiftPackageReference section */
		FA130000DEADBEEF00000001 /* XCRemoteSwiftPackageReference "fusionauth-swift-sdk" */ = {
			isa = XCRemoteSwiftPackageReference;
			repositoryURL = "https://github.com/FusionAuth/fusionauth-swift-sdk";
			requirement = {
				kind = exactVersion;
				version = 1.3.0;
			};
		};
/* End XCRemoteSwiftPackageReference section */

/* Begin XCSwiftPackageProductDependency section */
		0E3A85552BD94071008D2419 /* FusionAuth */ = {
			isa = XCSwiftPackageProductDependency;
			package = FA130000DEADBEEF00000001 /* XCRemoteSwiftPackageReference "fusionauth-swift-sdk" */;
			productName = FusionAuth;
		};
		CDB79E6F2EAAF94300728E1E /* FusionAuth */ = {
			isa = XCSwiftPackageProductDependency;
			package = FA130000DEADBEEF00000001 /* XCRemoteSwiftPackageReference "fusionauth-swift-sdk" */;
			productName = FusionAuth;
		};
/* End XCSwiftPackageProductDependency section */
	};
	rootObject = 0E2795ED2BD937B800738892 /* Project object */;
}
