{
  "pins" : [
    {
      "identity" : "appauth-ios",
      "kind" : "remoteSourceControl",
      "location" : "https://github.com/openid/AppAuth-iOS",
      "state" : {
        "branch" : "master",
        "revision" : "aea7b8acd8b3fc261b8a42c998de33d76851f30b"
      }
    }
  ],
  "version" : 2
}
