uuid: 5164a5bc-8ebf-4519-bfb8-6b6a29437cf8
langcode: en
status: true
dependencies:
  module:
    - changebank
  theme:
    - bootstrap_barrio_subtheme
id: bootstrap_barrio_subtheme_userloginlogoutblock
theme: bootstrap_barrio_subtheme
region: secondary_menu
weight: -4
provider: null
plugin: user_login_logout_block
settings:
  id: user_login_logout_block
  label: 'User Login Logout Block'
  label_display: '0'
  provider: changebank
visibility: {  }
