uuid: 9e60508e-2883-45d2-939e-5037378288c8
langcode: en
status: true
dependencies:
  module:
    - changebank
    - user
  theme:
    - bootstrap_barrio_subtheme
id: bootstrap_barrio_subtheme_useremailblock
theme: bootstrap_barrio_subtheme
region: secondary_menu
weight: -5
provider: null
plugin: user_email_block
settings:
  id: user_email_block
  label: 'User Email Block'
  label_display: '0'
  provider: changebank
visibility:
  user_role:
    id: user_role
    negate: false
    context_mapping:
      user: '@user.current_user_context:current_user'
    roles:
      authenticated: authenticated
