{
  "name": "screenshots",
  "lockfileVersion": 3,
  "requires": true,
  "packages": {
    "": {
      "dependencies": {
        "generate-declarative-screenshots": "^0.4.1"
      }
    },
    "../../../astro-better-declarative-screenshots/generate-screenshots": {
      "name": "generate-declarative-screenshots",
      "version": "0.4.1",
      "dependencies": {
        "astro-better-declarative-screenshots": "^0.4.1",
        "glob": "^11.0.0",
        "pixelmatch": "^6.0.0",
        "playwright": "^1.45.0",
        "pngjs": "^7.0.0",
        "sharp": "^0.33.0",
        "zod": "^3.23.0"
      },
      "bin": {
        "check-screenshots": "scripts/check-screenshots.mjs",
        "take-screenshots": "scripts/take-screenshots.mjs"
      },
      "peerDependencies": {
        "astro": ">=4.0.0"
      }
    },
    "node_modules/generate-declarative-screenshots": {
      "resolved": "../../../astro-better-declarative-screenshots/generate-screenshots",
      "link": true
    }
  }
}
